
Microsoft Visual Studio Solution File, Format Version 12.00
# Visual Studio 15
VisualStudioVersion = 15.0.27004.2002
MinimumVisualStudioVersion = 10.0.40219.1
Project("{FAE04EC0-301F-11D3-BF4B-00C04F79EFBC}") = "CalculatorWebApi", "CalculatorWebApi\CalculatorWebApi.csproj", "{59FA5933-172E-443F-838F-A01E3BE41A77}"
EndProject
Project("{FAE04EC0-301F-11D3-BF4B-00C04F79EFBC}") = "CalculatorTCPServer", "CalculatorTCPServer\CalculatorTCPServer.csproj", "{8A56FE08-B3F1-4EFF-8957-78C3974E92B0}"
EndProject
Project("{FAE04EC0-301F-11D3-BF4B-00C04F79EFBC}") = "CalculatorHTTPServer", "CalculatorHTTPServer\CalculatorHTTPServer.csproj", "{459B8ACF-7664-4135-9E11-727DE2AC2450}"
EndProject
Global
	GlobalSection(SolutionConfigurationPlatforms) = preSolution
		Debug|Any CPU = Debug|Any CPU
		Release|Any CPU = Release|Any CPU
	EndGlobalSection
	GlobalSection(ProjectConfigurationPlatforms) = postSolution
		{59FA5933-172E-443F-838F-A01E3BE41A77}.Debug|Any CPU.ActiveCfg = Debug|Any CPU
		{59FA5933-172E-443F-838F-A01E3BE41A77}.Debug|Any CPU.Build.0 = Debug|Any CPU
		{59FA5933-172E-443F-838F-A01E3BE41A77}.Release|Any CPU.ActiveCfg = Release|Any CPU
		{59FA5933-172E-443F-838F-A01E3BE41A77}.Release|Any CPU.Build.0 = Release|Any CPU
		{8A56FE08-B3F1-4EFF-8957-78C3974E92B0}.Debug|Any CPU.ActiveCfg = Debug|Any CPU
		{8A56FE08-B3F1-4EFF-8957-78C3974E92B0}.Debug|Any CPU.Build.0 = Debug|Any CPU
		{8A56FE08-B3F1-4EFF-8957-78C3974E92B0}.Release|Any CPU.ActiveCfg = Release|Any CPU
		{8A56FE08-B3F1-4EFF-8957-78C3974E92B0}.Release|Any CPU.Build.0 = Release|Any CPU
		{459B8ACF-7664-4135-9E11-727DE2AC2450}.Debug|Any CPU.ActiveCfg = Debug|Any CPU
		{459B8ACF-7664-4135-9E11-727DE2AC2450}.Debug|Any CPU.Build.0 = Debug|Any CPU
		{459B8ACF-7664-4135-9E11-727DE2AC2450}.Release|Any CPU.ActiveCfg = Release|Any CPU
		{459B8ACF-7664-4135-9E11-727DE2AC2450}.Release|Any CPU.Build.0 = Release|Any CPU
	EndGlobalSection
	GlobalSection(SolutionProperties) = preSolution
		HideSolutionNode = FALSE
	EndGlobalSection
	GlobalSection(ExtensibilityGlobals) = postSolution
		SolutionGuid = {23BAFE35-0F8B-4864-BE84-4B4393FF982D}
	EndGlobalSection
EndGlobal
